
Microsoft Visual Studio Solution File, Format Version 12.00
# Visual Studio Version 17
VisualStudioVersion = 17.1.32210.238
MinimumVisualStudioVersion = 10.0.40219.1
Project("{FAE04EC0-301F-11D3-BF4B-00C04F79EFBC}") = "ConsoleApp1", "ConsoleApp1\ConsoleApp1.csproj", "{D156E2E6-2D75-45E3-BCC8-23AD937568DD}"
EndProject
Global
	GlobalSection(SolutionConfigurationPlatforms) = preSolution
		Debug|Any CPU = Debug|Any CPU
		Release|Any CPU = Release|Any CPU
	EndGlobalSection
	GlobalSection(ProjectConfigurationPlatforms) = postSolution
		{D156E2E6-2D75-45E3-BCC8-23AD937568DD}.Debug|Any CPU.ActiveCfg = Debug|Any CPU
		{D156E2E6-2D75-45E3-BCC8-23AD937568DD}.Debug|Any CPU.Build.0 = Debug|Any CPU
		{D156E2E6-2D75-45E3-BCC8-23AD937568DD}.Release|Any CPU.ActiveCfg = Release|Any CPU
		{D156E2E6-2D75-45E3-BCC8-23AD937568DD}.Release|Any CPU.Build.0 = Release|Any CPU
	EndGlobalSection
	GlobalSection(SolutionProperties) = preSolution
		HideSolutionNode = FALSE
	EndGlobalSection
	GlobalSection(ExtensibilityGlobals) = postSolution
		SolutionGuid = {000FFD73-3799-4D80-8C0B-06703842B6BD}
	EndGlobalSection
EndGlobal
